
Microsoft Visual Studio Solution File, Format Version 12.00
# Visual Studio Version 17
VisualStudioVersion = 17.5.33530.505
MinimumVisualStudioVersion = 10.0.40219.1
Project("{FAE04EC0-301F-11D3-BF4B-00C04F79EFBC}") = "ChatNet", "ChatNet\ChatNet.csproj", "{D16261BF-4CBB-419E-841F-48D762435990}"
EndProject
Project("{FAE04EC0-301F-11D3-BF4B-00C04F79EFBC}") = "ChatNet.Data", "ChatNet.Data\ChatNet.Data.csproj", "{FFE0BE54-2B2F-4F77-AC18-0847B778B215}"
EndProject
Project("{FAE04EC0-301F-11D3-BF4B-00C04F79EFBC}") = "ChatNet.Utils", "ChatNet.Utils\ChatNet.Utils.csproj", "{0572C8A0-3CDA-4D02-8B2C-8C334DE505E2}"
EndProject
Project("{00D1A9C2-B5F0-4AF3-8072-F6C62B433612}") = "ChatNet.Database", "ChatNet.Database\ChatNet.Database.sqlproj", "{E25DC836-DE0A-4980-8894-F1552207319B}"
EndProject
Global
	GlobalSection(SolutionConfigurationPlatforms) = preSolution
		Debug|Any CPU = Debug|Any CPU
		Release|Any CPU = Release|Any CPU
	EndGlobalSection
	GlobalSection(ProjectConfigurationPlatforms) = postSolution
		{D16261BF-4CBB-419E-841F-48D762435990}.Debug|Any CPU.ActiveCfg = Debug|Any CPU
		{D16261BF-4CBB-419E-841F-48D762435990}.Debug|Any CPU.Build.0 = Debug|Any CPU
		{D16261BF-4CBB-419E-841F-48D762435990}.Release|Any CPU.ActiveCfg = Release|Any CPU
		{D16261BF-4CBB-419E-841F-48D762435990}.Release|Any CPU.Build.0 = Release|Any CPU
		{FFE0BE54-2B2F-4F77-AC18-0847B778B215}.Debug|Any CPU.ActiveCfg = Debug|Any CPU
		{FFE0BE54-2B2F-4F77-AC18-0847B778B215}.Debug|Any CPU.Build.0 = Debug|Any CPU
		{FFE0BE54-2B2F-4F77-AC18-0847B778B215}.Release|Any CPU.ActiveCfg = Release|Any CPU
		{FFE0BE54-2B2F-4F77-AC18-0847B778B215}.Release|Any CPU.Build.0 = Release|Any CPU
		{0572C8A0-3CDA-4D02-8B2C-8C334DE505E2}.Debug|Any CPU.ActiveCfg = Debug|Any CPU
		{0572C8A0-3CDA-4D02-8B2C-8C334DE505E2}.Debug|Any CPU.Build.0 = Debug|Any CPU
		{0572C8A0-3CDA-4D02-8B2C-8C334DE505E2}.Release|Any CPU.ActiveCfg = Release|Any CPU
		{0572C8A0-3CDA-4D02-8B2C-8C334DE505E2}.Release|Any CPU.Build.0 = Release|Any CPU
		{E25DC836-DE0A-4980-8894-F1552207319B}.Debug|Any CPU.ActiveCfg = Debug|Any CPU
		{E25DC836-DE0A-4980-8894-F1552207319B}.Debug|Any CPU.Build.0 = Debug|Any CPU
		{E25DC836-DE0A-4980-8894-F1552207319B}.Debug|Any CPU.Deploy.0 = Debug|Any CPU
		{E25DC836-DE0A-4980-8894-F1552207319B}.Release|Any CPU.ActiveCfg = Release|Any CPU
		{E25DC836-DE0A-4980-8894-F1552207319B}.Release|Any CPU.Build.0 = Release|Any CPU
		{E25DC836-DE0A-4980-8894-F1552207319B}.Release|Any CPU.Deploy.0 = Release|Any CPU
	EndGlobalSection
	GlobalSection(SolutionProperties) = preSolution
		HideSolutionNode = FALSE
	EndGlobalSection
	GlobalSection(ExtensibilityGlobals) = postSolution
		SolutionGuid = {0A42AE2F-657F-47CA-9C54-DE9D8029630B}
	EndGlobalSection
EndGlobal
